// !$*UTF8*$!
{
	archiveVersion = 1;
	classes = {
	};
	objectVersion = 46;
	objects = {

/* Begin PBXBuildFile section */
		FD0A5F2B1C3E0DC600E86B6E /* detail_reply_button_img@2x.png in Resources */ = {isa = PBXBuildFile; fileRef = FD0A5F2A1C3E0DC600E86B6E /* detail_reply_button_img@2x.png */; };
		FD0A5F2F1C3E132900E86B6E /* XLPromptController.m in Sources */ = {isa = PBXBuildFile; fileRef = FD0A5F2E1C3E132900E86B6E /* XLPromptController.m */; };
		FD6AC6361C3CC03E006A9A51 /* main.m in Sources */ = {isa = PBXBuildFile; fileRef = FD6AC6351C3CC03E006A9A51 /* main.m */; };
		FD6AC6391C3CC03E006A9A51 /* AppDelegate.m in Sources */ = {isa = PBXBuildFile; fileRef = FD6AC6381C3CC03E006A9A51 /* AppDelegate.m */; };
		FD6AC63C1C3CC03E006A9A51 /* ViewController.m in Sources */ = {isa = PBXBuildFile; fileRef = FD6AC63B1C3CC03E006A9A51 /* ViewController.m */; };
		FD6AC63F1C3CC03E006A9A51 /* Main.storyboard in Resources */ = {isa = PBXBuildFile; fileRef = FD6AC63D1C3CC03E006A9A51 /* Main.storyboard */; };
		FD6AC6411C3CC03E006A9A51 /* Assets.xcassets in Resources */ = {isa = PBXBuildFile; fileRef = FD6AC6401C3CC03E006A9A51 /* Assets.xcassets */; };
		FD6AC6441C3CC03E006A9A51 /* LaunchScreen.storyboard in Resources */ = {isa = PBXBuildFile; fileRef = FD6AC6421C3CC03E006A9A51 /* LaunchScreen.storyboard */; };
		FD6AC64F1C3CC03E006A9A51 /* XLPromptBoxTests.m in Sources */ = {isa = PBXBuildFile; fileRef = FD6AC64E1C3CC03E006A9A51 /* XLPromptBoxTests.m */; };
		FD6AC65A1C3CC03E006A9A51 /* XLPromptBoxUITests.m in Sources */ = {isa = PBXBuildFile; fileRef = FD6AC6591C3CC03E006A9A51 /* XLPromptBoxUITests.m */; };
		FD6AC66A1C3CC07F006A9A51 /* XLPromptBox.m in Sources */ = {isa = PBXBuildFile; fileRef = FD6AC6691C3CC07F006A9A51 /* XLPromptBox.m */; };
		FD6AC66C1C3CC20A006A9A51 /* FullSizeRender.jpg in Resources */ = {isa = PBXBuildFile; fileRef = FD6AC66B1C3CC20A006A9A51 /* FullSizeRender.jpg */; };
		FD6AC66F1C3CC25F006A9A51 /* Checkmark.png in Resources */ = {isa = PBXBuildFile; fileRef = FD6AC66D1C3CC25F006A9A51 /* Checkmark.png */; };
		FD6AC6701C3CC25F006A9A51 /* Checkmark@2x.png in Resources */ = {isa = PBXBuildFile; fileRef = FD6AC66E1C3CC25F006A9A51 /* Checkmark@2x.png */; };
		FD6AC6761C3CF8CD006A9A51 /* CustomView.m in Sources */ = {isa = PBXBuildFile; fileRef = FD6AC6751C3CF8CD006A9A51 /* CustomView.m */; };
		FD6AC6781C3CF8DE006A9A51 /* CustomView.xib in Resources */ = {isa = PBXBuildFile; fileRef = FD6AC6771C3CF8DE006A9A51 /* CustomView.xib */; };
/* End PBXBuildFile section */

/* Begin PBXContainerItemProxy section */
		FD6AC64B1C3CC03E006A9A51 /* PBXContainerItemProxy */ = {
			isa = PBXContainerItemProxy;
			containerPortal = FD6AC6291C3CC03E006A9A51 /* Project object */;
			proxyType = 1;
			remoteGlobalIDString = FD6AC6301C3CC03E006A9A51;
			remoteInfo = XLPromptBox;
		};
		FD6AC6561C3CC03E006A9A51 /* PBXContainerItemProxy */ = {
			isa = PBXContainerItemProxy;
			containerPortal = FD6AC6291C3CC03E006A9A51 /* Project object */;
			proxyType = 1;
			remoteGlobalIDString = FD6AC6301C3CC03E006A9A51;
			remoteInfo = XLPromptBox;
		};
/* End PBXContainerItemProxy section */

/* Begin PBXFileReference section */
		FD0A5F2A1C3E0DC600E86B6E /* detail_reply_button_img@2x.png */ = {isa = PBXFileReference; lastKnownFileType = image.png; name = "detail_reply_button_img@2x.png"; path = "../detail_reply_button_img@2x.png"; sourceTree = "<group>"; };
		FD0A5F2D1C3E132900E86B6E /* XLPromptController.h */ = {isa = PBXFileReference; fileEncoding = 4; lastKnownFileType = sourcecode.c.h; path = XLPromptController.h; sourceTree = "<group>"; };
		FD0A5F2E1C3E132900E86B6E /* XLPromptController.m */ = {isa = PBXFileReference; fileEncoding = 4; lastKnownFileType = sourcecode.c.objc; path = XLPromptController.m; sourceTree = "<group>"; };
		FD6AC6311C3CC03E006A9A51 /* XLPromptBox.app */ = {isa = PBXFileReference; explicitFileType = wrapper.application; includeInIndex = 0; path = XLPromptBox.app; sourceTree = BUILT_PRODUCTS_DIR; };
		FD6AC6351C3CC03E006A9A51 /* main.m */ = {isa = PBXFileReference; lastKnownFileType = sourcecode.c.objc; path = main.m; sourceTree = "<group>"; };
		FD6AC6371C3CC03E006A9A51 /* AppDelegate.h */ = {isa = PBXFileReference; lastKnownFileType = sourcecode.c.h; path = AppDelegate.h; sourceTree = "<group>"; };
		FD6AC6381C3CC03E006A9A51 /* AppDelegate.m */ = {isa = PBXFileReference; lastKnownFileType = sourcecode.c.objc; path = AppDelegate.m; sourceTree = "<group>"; };
		FD6AC63A1C3CC03E006A9A51 /* ViewController.h */ = {isa = PBXFileReference; lastKnownFileType = sourcecode.c.h; path = ViewController.h; sourceTree = "<group>"; };
		FD6AC63B1C3CC03E006A9A51 /* ViewController.m */ = {isa = PBXFileReference; lastKnownFileType = sourcecode.c.objc; path = ViewController.m; sourceTree = "<group>"; };
		FD6AC63E1C3CC03E006A9A51 /* Base */ = {isa = PBXFileReference; lastKnownFileType = file.storyboard; name = Base; path = Base.lproj/Main.storyboard; sourceTree = "<group>"; };
		FD6AC6401C3CC03E006A9A51 /* Assets.xcassets */ = {isa = PBXFileReference; lastKnownFileType = folder.assetcatalog; path = Assets.xcassets; sourceTree = "<group>"; };
		FD6AC6431C3CC03E006A9A51 /* Base */ = {isa = PBXFileReference; lastKnownFileType = file.storyboard; name = Base; path = Base.lproj/LaunchScreen.storyboard; sourceTree = "<group>"; };
		FD6AC6451C3CC03E006A9A51 /* Info.plist */ = {isa = PBXFileReference; lastKnownFileType = text.plist.xml; path = Info.plist; sourceTree = "<group>"; };
		FD6AC64A1C3CC03E006A9A51 /* XLPromptBoxTests.xctest */ = {isa = PBXFileReference; explicitFileType = wrapper.cfbundle; includeInIndex = 0; path = XLPromptBoxTests.xctest; sourceTree = BUILT_PRODUCTS_DIR; };
		FD6AC64E1C3CC03E006A9A51 /* XLPromptBoxTests.m */ = {isa = PBXFileReference; lastKnownFileType = sourcecode.c.objc; path = XLPromptBoxTests.m; sourceTree = "<group>"; };
		FD6AC6501C3CC03E006A9A51 /* Info.plist */ = {isa = PBXFileReference; lastKnownFileType = text.plist.xml; path = Info.plist; sourceTree = "<group>"; };
		FD6AC6551C3CC03E006A9A51 /* XLPromptBoxUITests.xctest */ = {isa = PBXFileReference; explicitFileType = wrapper.cfbundle; includeInIndex = 0; path = XLPromptBoxUITests.xctest; sourceTree = BUILT_PRODUCTS_DIR; };
		FD6AC6591C3CC03E006A9A51 /* XLPromptBoxUITests.m */ = {isa = PBXFileReference; lastKnownFileType = sourcecode.c.objc; path = XLPromptBoxUITests.m; sourceTree = "<group>"; };
		FD6AC65B1C3CC03E006A9A51 /* Info.plist */ = {isa = PBXFileReference; lastKnownFileType = text.plist.xml; path = Info.plist; sourceTree = "<group>"; };
		FD6AC6681C3CC07F006A9A51 /* XLPromptBox.h */ = {isa = PBXFileReference; fileEncoding = 4; lastKnownFileType = sourcecode.c.h; path = XLPromptBox.h; sourceTree = "<group>"; };
		FD6AC6691C3CC07F006A9A51 /* XLPromptBox.m */ = {isa = PBXFileReference; fileEncoding = 4; lastKnownFileType = sourcecode.c.objc; path = XLPromptBox.m; sourceTree = "<group>"; };
		FD6AC66B1C3CC20A006A9A51 /* FullSizeRender.jpg */ = {isa = PBXFileReference; lastKnownFileType = image.jpeg; name = FullSizeRender.jpg; path = ../FullSizeRender.jpg; sourceTree = "<group>"; };
		FD6AC66D1C3CC25F006A9A51 /* Checkmark.png */ = {isa = PBXFileReference; lastKnownFileType = image.png; name = Checkmark.png; path = ../Checkmark.png; sourceTree = "<group>"; };
		FD6AC66E1C3CC25F006A9A51 /* Checkmark@2x.png */ = {isa = PBXFileReference; lastKnownFileType = image.png; name = "Checkmark@2x.png"; path = "../Checkmark@2x.png"; sourceTree = "<group>"; };
		FD6AC6741C3CF8CD006A9A51 /* CustomView.h */ = {isa = PBXFileReference; fileEncoding = 4; lastKnownFileType = sourcecode.c.h; path = CustomView.h; sourceTree = "<group>"; };
		FD6AC6751C3CF8CD006A9A51 /* CustomView.m */ = {isa = PBXFileReference; fileEncoding = 4; lastKnownFileType = sourcecode.c.objc; path = CustomView.m; sourceTree = "<group>"; };
		FD6AC6771C3CF8DE006A9A51 /* CustomView.xib */ = {isa = PBXFileReference; fileEncoding = 4; lastKnownFileType = file.xib; path = CustomView.xib; sourceTree = "<group>"; };
/* End PBXFileReference section */

/* Begin PBXFrameworksBuildPhase section */
		FD6AC62E1C3CC03E006A9A51 /* Frameworks */ = {
			isa = PBXFrameworksBuildPhase;
			buildActionMask = 2147483647;
			files = (
			);
			runOnlyForDeploymentPostprocessing = 0;
		};
		FD6AC6471C3CC03E006A9A51 /* Frameworks */ = {
			isa = PBXFrameworksBuildPhase;
			buildActionMask = 2147483647;
			files = (
			);
			runOnlyForDeploymentPostprocessing = 0;
		};
		FD6AC6521C3CC03E006A9A51 /* Frameworks */ = {
			isa = PBXFrameworksBuildPhase;
			buildActionMask = 2147483647;
			files = (
			);
			runOnlyForDeploymentPostprocessing = 0;
		};
/* End PBXFrameworksBuildPhase section */

/* Begin PBXGroup section */
		FD0A5F2C1C3E11F000E86B6E /* Images */ = {
			isa = PBXGroup;
			children = (
				FD0A5F2A1C3E0DC600E86B6E /* detail_reply_button_img@2x.png */,
				FD6AC66D1C3CC25F006A9A51 /* Checkmark.png */,
				FD6AC66E1C3CC25F006A9A51 /* Checkmark@2x.png */,
				FD6AC66B1C3CC20A006A9A51 /* FullSizeRender.jpg */,
			);
			path = Images;
			sourceTree = "<group>";
		};
		FD6AC6281C3CC03E006A9A51 = {
			isa = PBXGroup;
			children = (
				FD6AC6331C3CC03E006A9A51 /* XLPromptBox */,
				FD6AC64D1C3CC03E006A9A51 /* XLPromptBoxTests */,
				FD6AC6581C3CC03E006A9A51 /* XLPromptBoxUITests */,
				FD6AC6321C3CC03E006A9A51 /* Products */,
			);
			sourceTree = "<group>";
		};
		FD6AC6321C3CC03E006A9A51 /* Products */ = {
			isa = PBXGroup;
			children = (
				FD6AC6311C3CC03E006A9A51 /* XLPromptBox.app */,
				FD6AC64A1C3CC03E006A9A51 /* XLPromptBoxTests.xctest */,
				FD6AC6551C3CC03E006A9A51 /* XLPromptBoxUITests.xctest */,
			);
			name = Products;
			sourceTree = "<group>";
		};
		FD6AC6331C3CC03E006A9A51 /* XLPromptBox */ = {
			isa = PBXGroup;
			children = (
				FD0A5F2C1C3E11F000E86B6E /* Images */,
				FD6AC6671C3CC06C006A9A51 /* XLPromptBox */,
				FD6AC6371C3CC03E006A9A51 /* AppDelegate.h */,
				FD6AC6381C3CC03E006A9A51 /* AppDelegate.m */,
				FD6AC63A1C3CC03E006A9A51 /* ViewController.h */,
				FD6AC63B1C3CC03E006A9A51 /* ViewController.m */,
				FD6AC6741C3CF8CD006A9A51 /* CustomView.h */,
				FD6AC6751C3CF8CD006A9A51 /* CustomView.m */,
				FD6AC6771C3CF8DE006A9A51 /* CustomView.xib */,
				FD6AC63D1C3CC03E006A9A51 /* Main.storyboard */,
				FD6AC6341C3CC03E006A9A51 /* Supporting Files */,
			);
			path = XLPromptBox;
			sourceTree = "<group>";
		};
		FD6AC6341C3CC03E006A9A51 /* Supporting Files */ = {
			isa = PBXGroup;
			children = (
				FD6AC6401C3CC03E006A9A51 /* Assets.xcassets */,
				FD6AC6421C3CC03E006A9A51 /* LaunchScreen.storyboard */,
				FD6AC6451C3CC03E006A9A51 /* Info.plist */,
				FD6AC6351C3CC03E006A9A51 /* main.m */,
			);
			name = "Supporting Files";
			sourceTree = "<group>";
		};
		FD6AC64D1C3CC03E006A9A51 /* XLPromptBoxTests */ = {
			isa = PBXGroup;
			children = (
				FD6AC64E1C3CC03E006A9A51 /* XLPromptBoxTests.m */,
				FD6AC6501C3CC03E006A9A51 /* Info.plist */,
			);
			path = XLPromptBoxTests;
			sourceTree = "<group>";
		};
		FD6AC6581C3CC03E006A9A51 /* XLPromptBoxUITests */ = {
			isa = PBXGroup;
			children = (
				FD6AC6591C3CC03E006A9A51 /* XLPromptBoxUITests.m */,
				FD6AC65B1C3CC03E006A9A51 /* Info.plist */,
			);
			path = XLPromptBoxUITests;
			sourceTree = "<group>";
		};
		FD6AC6671C3CC06C006A9A51 /* XLPromptBox */ = {
			isa = PBXGroup;
			children = (
				FD6AC6681C3CC07F006A9A51 /* XLPromptBox.h */,
				FD6AC6691C3CC07F006A9A51 /* XLPromptBox.m */,
				FD0A5F2D1C3E132900E86B6E /* XLPromptController.h */,
				FD0A5F2E1C3E132900E86B6E /* XLPromptController.m */,
			);
			path = XLPromptBox;
			sourceTree = "<group>";
		};
/* End PBXGroup section */

/* Begin PBXNativeTarget section */
		FD6AC6301C3CC03E006A9A51 /* XLPromptBox */ = {
			isa = PBXNativeTarget;
			buildConfigurationList = FD6AC65E1C3CC03E006A9A51 /* Build configuration list for PBXNativeTarget "XLPromptBox" */;
			buildPhases = (
				FD6AC62D1C3CC03E006A9A51 /* Sources */,
				FD6AC62E1C3CC03E006A9A51 /* Frameworks */,
				FD6AC62F1C3CC03E006A9A51 /* Resources */,
			);
			buildRules = (
			);
			dependencies = (
			);
			name = XLPromptBox;
			productName = XLPromptBox;
			productReference = FD6AC6311C3CC03E006A9A51 /* XLPromptBox.app */;
			productType = "com.apple.product-type.application";
		};
		FD6AC6491C3CC03E006A9A51 /* XLPromptBoxTests */ = {
			isa = PBXNativeTarget;
			buildConfigurationList = FD6AC6611C3CC03E006A9A51 /* Build configuration list for PBXNativeTarget "XLPromptBoxTests" */;
			buildPhases = (
				FD6AC6461C3CC03E006A9A51 /* Sources */,
				FD6AC6471C3CC03E006A9A51 /* Frameworks */,
				FD6AC6481C3CC03E006A9A51 /* Resources */,
			);
			buildRules = (
			);
			dependencies = (
				FD6AC64C1C3CC03E006A9A51 /* PBXTargetDependency */,
			);
			name = XLPromptBoxTests;
			productName = XLPromptBoxTests;
			productReference = FD6AC64A1C3CC03E006A9A51 /* XLPromptBoxTests.xctest */;
			productType = "com.apple.product-type.bundle.unit-test";
		};
		FD6AC6541C3CC03E006A9A51 /* XLPromptBoxUITests */ = {
			isa = PBXNativeTarget;
			buildConfigurationList = FD6AC6641C3CC03E006A9A51 /* Build configuration list for PBXNativeTarget "XLPromptBoxUITests" */;
			buildPhases = (
				FD6AC6511C3CC03E006A9A51 /* Sources */,
				FD6AC6521C3CC03E006A9A51 /* Frameworks */,
				FD6AC6531C3CC03E006A9A51 /* Resources */,
			);
			buildRules = (
			);
			dependencies = (
				FD6AC6571C3CC03E006A9A51 /* PBXTargetDependency */,
			);
			name = XLPromptBoxUITests;
			productName = XLPromptBoxUITests;
			productReference = FD6AC6551C3CC03E006A9A51 /* XLPromptBoxUITests.xctest */;
			productType = "com.apple.product-type.bundle.ui-testing";
		};
/* End PBXNativeTarget section */

/* Begin PBXProject section */
		FD6AC6291C3CC03E006A9A51 /* Project object */ = {
			isa = PBXProject;
			attributes = {
				LastUpgradeCheck = 0710;
				ORGANIZATIONNAME = GreatGate;
				TargetAttributes = {
					FD6AC6301C3CC03E006A9A51 = {
						CreatedOnToolsVersion = 7.1;
						DevelopmentTeam = 6J2XGE456D;
					};
					FD6AC6491C3CC03E006A9A51 = {
						CreatedOnToolsVersion = 7.1;
						DevelopmentTeam = 6J2XGE456D;
						TestTargetID = FD6AC6301C3CC03E006A9A51;
					};
					FD6AC6541C3CC03E006A9A51 = {
						CreatedOnToolsVersion = 7.1;
						DevelopmentTeam = 6J2XGE456D;
						TestTargetID = FD6AC6301C3CC03E006A9A51;
					};
				};
			};
			buildConfigurationList = FD6AC62C1C3CC03E006A9A51 /* Build configuration list for PBXProject "XLPromptBox" */;
			compatibilityVersion = "Xcode 3.2";
			developmentRegion = English;
			hasScannedForEncodings = 0;
			knownRegions = (
				en,
				Base,
			);
			mainGroup = FD6AC6281C3CC03E006A9A51;
			productRefGroup = FD6AC6321C3CC03E006A9A51 /* Products */;
			projectDirPath = "";
			projectRoot = "";
			targets = (
				FD6AC6301C3CC03E006A9A51 /* XLPromptBox */,
				FD6AC6491C3CC03E006A9A51 /* XLPromptBoxTests */,
				FD6AC6541C3CC03E006A9A51 /* XLPromptBoxUITests */,
			);
		};
/* End PBXProject section */

/* Begin PBXResourcesBuildPhase section */
		FD6AC62F1C3CC03E006A9A51 /* Resources */ = {
			isa = PBXResourcesBuildPhase;
			buildActionMask = 2147483647;
			files = (
				FD0A5F2B1C3E0DC600E86B6E /* detail_reply_button_img@2x.png in Resources */,
				FD6AC6701C3CC25F006A9A51 /* Checkmark@2x.png in Resources */,
				FD6AC6441C3CC03E006A9A51 /* LaunchScreen.storyboard in Resources */,
				FD6AC6411C3CC03E006A9A51 /* Assets.xcassets in Resources */,
				FD6AC63F1C3CC03E006A9A51 /* Main.storyboard in Resources */,
				FD6AC66C1C3CC20A006A9A51 /* FullSizeRender.jpg in Resources */,
				FD6AC66F1C3CC25F006A9A51 /* Checkmark.png in Resources */,
				FD6AC6781C3CF8DE006A9A51 /* CustomView.xib in Resources */,
			);
			runOnlyForDeploymentPostprocessing = 0;
		};
		FD6AC6481C3CC03E006A9A51 /* Resources */ = {
			isa = PBXResourcesBuildPhase;
			buildActionMask = 2147483647;
			files = (
			);
			runOnlyForDeploymentPostprocessing = 0;
		};
		FD6AC6531C3CC03E006A9A51 /* Resources */ = {
			isa = PBXResourcesBuildPhase;
			buildActionMask = 2147483647;
			files = (
			);
			runOnlyForDeploymentPostprocessing = 0;
		};
/* End PBXResourcesBuildPhase section */

/* Begin PBXSourcesBuildPhase section */
		FD6AC62D1C3CC03E006A9A51 /* Sources */ = {
			isa = PBXSourcesBuildPhase;
			buildActionMask = 2147483647;
			files = (
				FD6AC63C1C3CC03E006A9A51 /* ViewController.m in Sources */,
				FD0A5F2F1C3E132900E86B6E /* XLPromptController.m in Sources */,
				FD6AC6391C3CC03E006A9A51 /* AppDelegate.m in Sources */,
				FD6AC6361C3CC03E006A9A51 /* main.m in Sources */,
				FD6AC66A1C3CC07F006A9A51 /* XLPromptBox.m in Sources */,
				FD6AC6761C3CF8CD006A9A51 /* CustomView.m in Sources */,
			);
			runOnlyForDeploymentPostprocessing = 0;
		};
		FD6AC6461C3CC03E006A9A51 /* Sources */ = {
			isa = PBXSourcesBuildPhase;
			buildActionMask = 2147483647;
			files = (
				FD6AC64F1C3CC03E006A9A51 /* XLPromptBoxTests.m in Sources */,
			);
			runOnlyForDeploymentPostprocessing = 0;
		};
		FD6AC6511C3CC03E006A9A51 /* Sources */ = {
			isa = PBXSourcesBuildPhase;
			buildActionMask = 2147483647;
			files = (
				FD6AC65A1C3CC03E006A9A51 /* XLPromptBoxUITests.m in Sources */,
			);
			runOnlyForDeploymentPostprocessing = 0;
		};
/* End PBXSourcesBuildPhase section */

/* Begin PBXTargetDependency section */
		FD6AC64C1C3CC03E006A9A51 /* PBXTargetDependency */ = {
			isa = PBXTargetDependency;
			target = FD6AC6301C3CC03E006A9A51 /* XLPromptBox */;
			targetProxy = FD6AC64B1C3CC03E006A9A51 /* PBXContainerItemProxy */;
		};
		FD6AC6571C3CC03E006A9A51 /* PBXTargetDependency */ = {
			isa = PBXTargetDependency;
			target = FD6AC6301C3CC03E006A9A51 /* XLPromptBox */;
			targetProxy = FD6AC6561C3CC03E006A9A51 /* PBXContainerItemProxy */;
		};
/* End PBXTargetDependency section */

/* Begin PBXVariantGroup section */
		FD6AC63D1C3CC03E006A9A51 /* Main.storyboard */ = {
			isa = PBXVariantGroup;
			children = (
				FD6AC63E1C3CC03E006A9A51 /* Base */,
			);
			name = Main.storyboard;
			sourceTree = "<group>";
		};
		FD6AC6421C3CC03E006A9A51 /* LaunchScreen.storyboard */ = {
			isa = PBXVariantGroup;
			children = (
				FD6AC6431C3CC03E006A9A51 /* Base */,
			);
			name = LaunchScreen.storyboard;
			sourceTree = "<group>";
		};
/* End PBXVariantGroup section */

/* Begin XCBuildConfiguration section */
		FD6AC65C1C3CC03E006A9A51 /* Debug */ = {
			isa = XCBuildConfiguration;
			buildSettings = {
				ALWAYS_SEARCH_USER_PATHS = NO;
				CLANG_CXX_LANGUAGE_STANDARD = "gnu++0x";
				CLANG_CXX_LIBRARY = "libc++";
				CLANG_ENABLE_MODULES = YES;
				CLANG_ENABLE_OBJC_ARC = YES;
				CLANG_WARN_BOOL_CONVERSION = YES;
				CLANG_WARN_CONSTANT_CONVERSION = YES;
				CLANG_WARN_DIRECT_OBJC_ISA_USAGE = YES_ERROR;
				CLANG_WARN_EMPTY_BODY = YES;
				CLANG_WARN_ENUM_CONVERSION = YES;
				CLANG_WARN_INT_CONVERSION = YES;
				CLANG_WARN_OBJC_ROOT_CLASS = YES_ERROR;
				CLANG_WARN_UNREACHABLE_CODE = YES;
				CLANG_WARN__DUPLICATE_METHOD_MATCH = YES;
				"CODE_SIGN_IDENTITY[sdk=iphoneos*]" = "iPhone Developer";
				COPY_PHASE_STRIP = NO;
				DEBUG_INFORMATION_FORMAT = dwarf;
				ENABLE_STRICT_OBJC_MSGSEND = YES;
				ENABLE_TESTABILITY = YES;
				GCC_C_LANGUAGE_STANDARD = gnu99;
				GCC_DYNAMIC_NO_PIC = NO;
				GCC_NO_COMMON_BLOCKS = YES;
				GCC_OPTIMIZATION_LEVEL = 0;
				GCC_PREPROCESSOR_DEFINITIONS = (
					"DEBUG=1",
					"$(inherited)",
				);
				GCC_WARN_64_TO_32_BIT_CONVERSION = YES;
				GCC_WARN_ABOUT_RETURN_TYPE = YES_ERROR;
				GCC_WARN_UNDECLARED_SELECTOR = YES;
				GCC_WARN_UNINITIALIZED_AUTOS = YES_AGGRESSIVE;
				GCC_WARN_UNUSED_FUNCTION = YES;
				GCC_WARN_UNUSED_VARIABLE = YES;
				IPHONEOS_DEPLOYMENT_TARGET = 9.1;
				MTL_ENABLE_DEBUG_INFO = YES;
				ONLY_ACTIVE_ARCH = YES;
				SDKROOT = iphoneos;
			};
			name = Debug;
		};
		FD6AC65D1C3CC03E006A9A51 /* Release */ = {
			isa = XCBuildConfiguration;
			buildSettings = {
				ALWAYS_SEARCH_USER_PATHS = NO;
				CLANG_CXX_LANGUAGE_STANDARD = "gnu++0x";
				CLANG_CXX_LIBRARY = "libc++";
				CLANG_ENABLE_MODULES = YES;
				CLANG_ENABLE_OBJC_ARC = YES;
				CLANG_WARN_BOOL_CONVERSION = YES;
				CLANG_WARN_CONSTANT_CONVERSION = YES;
				CLANG_WARN_DIRECT_OBJC_ISA_USAGE = YES_ERROR;
				CLANG_WARN_EMPTY_BODY = YES;
				CLANG_WARN_ENUM_CONVERSION = YES;
				CLANG_WARN_INT_CONVERSION = YES;
				CLANG_WARN_OBJC_ROOT_CLASS = YES_ERROR;
				CLANG_WARN_UNREACHABLE_CODE = YES;
				CLANG_WARN__DUPLICATE_METHOD_MATCH = YES;
				"CODE_SIGN_IDENTITY[sdk=iphoneos*]" = "iPhone Developer";
				COPY_PHASE_STRIP = NO;
				DEBUG_INFORMATION_FORMAT = "dwarf-with-dsym";
				ENABLE_NS_ASSERTIONS = NO;
				ENABLE_STRICT_OBJC_MSGSEND = YES;
				GCC_C_LANGUAGE_STANDARD = gnu99;
				GCC_NO_COMMON_BLOCKS = YES;
				GCC_WARN_64_TO_32_BIT_CONVERSION = YES;
				GCC_WARN_ABOUT_RETURN_TYPE = YES_ERROR;
				GCC_WARN_UNDECLARED_SELECTOR = YES;
				GCC_WARN_UNINITIALIZED_AUTOS = YES_AGGRESSIVE;
				GCC_WARN_UNUSED_FUNCTION = YES;
				GCC_WARN_UNUSED_VARIABLE = YES;
				IPHONEOS_DEPLOYMENT_TARGET = 9.1;
				MTL_ENABLE_DEBUG_INFO = NO;
				SDKROOT = iphoneos;
				VALIDATE_PRODUCT = YES;
			};
			name = Release;
		};
		FD6AC65F1C3CC03E006A9A51 /* Debug */ = {
			isa = XCBuildConfiguration;
			buildSettings = {
				ASSETCATALOG_COMPILER_APPICON_NAME = AppIcon;
				INFOPLIST_FILE = XLPromptBox/Info.plist;
				LD_RUNPATH_SEARCH_PATHS = "$(inherited) @executable_path/Frameworks";
				PRODUCT_BUNDLE_IDENTIFIER = com.greatgate.XLPromptBox;
				PRODUCT_NAME = "$(TARGET_NAME)";
			};
			name = Debug;
		};
		FD6AC6601C3CC03E006A9A51 /* Release */ = {
			isa = XCBuildConfiguration;
			buildSettings = {
				ASSETCATALOG_COMPILER_APPICON_NAME = AppIcon;
				INFOPLIST_FILE = XLPromptBox/Info.plist;
				LD_RUNPATH_SEARCH_PATHS = "$(inherited) @executable_path/Frameworks";
				PRODUCT_BUNDLE_IDENTIFIER = com.greatgate.XLPromptBox;
				PRODUCT_NAME = "$(TARGET_NAME)";
			};
			name = Release;
		};
		FD6AC6621C3CC03E006A9A51 /* Debug */ = {
			isa = XCBuildConfiguration;
			buildSettings = {
				BUNDLE_LOADER = "$(TEST_HOST)";
				INFOPLIST_FILE = XLPromptBoxTests/Info.plist;
				LD_RUNPATH_SEARCH_PATHS = "$(inherited) @executable_path/Frameworks @loader_path/Frameworks";
				PRODUCT_BUNDLE_IDENTIFIER = com.greatgate.XLPromptBoxTests;
				PRODUCT_NAME = "$(TARGET_NAME)";
				TEST_HOST = "$(BUILT_PRODUCTS_DIR)/XLPromptBox.app/XLPromptBox";
			};
			name = Debug;
		};
		FD6AC6631C3CC03E006A9A51 /* Release */ = {
			isa = XCBuildConfiguration;
			buildSettings = {
				BUNDLE_LOADER = "$(TEST_HOST)";
				INFOPLIST_FILE = XLPromptBoxTests/Info.plist;
				LD_RUNPATH_SEARCH_PATHS = "$(inherited) @executable_path/Frameworks @loader_path/Frameworks";
				PRODUCT_BUNDLE_IDENTIFIER = com.greatgate.XLPromptBoxTests;
				PRODUCT_NAME = "$(TARGET_NAME)";
				TEST_HOST = "$(BUILT_PRODUCTS_DIR)/XLPromptBox.app/XLPromptBox";
			};
			name = Release;
		};
		FD6AC6651C3CC03E006A9A51 /* Debug */ = {
			isa = XCBuildConfiguration;
			buildSettings = {
				INFOPLIST_FILE = XLPromptBoxUITests/Info.plist;
				LD_RUNPATH_SEARCH_PATHS = "$(inherited) @executable_path/Frameworks @loader_path/Frameworks";
				PRODUCT_BUNDLE_IDENTIFIER = com.greatgate.XLPromptBoxUITests;
				PRODUCT_NAME = "$(TARGET_NAME)";
				TEST_TARGET_NAME = XLPromptBox;
				USES_XCTRUNNER = YES;
			};
			name = Debug;
		};
		FD6AC6661C3CC03E006A9A51 /* Release */ = {
			isa = XCBuildConfiguration;
			buildSettings = {
				INFOPLIST_FILE = XLPromptBoxUITests/Info.plist;
				LD_RUNPATH_SEARCH_PATHS = "$(inherited) @executable_path/Frameworks @loader_path/Frameworks";
				PRODUCT_BUNDLE_IDENTIFIER = com.greatgate.XLPromptBoxUITests;
				PRODUCT_NAME = "$(TARGET_NAME)";
				TEST_TARGET_NAME = XLPromptBox;
				USES_XCTRUNNER = YES;
			};
			name = Release;
		};
/* End XCBuildConfiguration section */

/* Begin XCConfigurationList section */
		FD6AC62C1C3CC03E006A9A51 /* Build configuration list for PBXProject "XLPromptBox" */ = {
			isa = XCConfigurationList;
			buildConfigurations = (
				FD6AC65C1C3CC03E006A9A51 /* Debug */,
				FD6AC65D1C3CC03E006A9A51 /* Release */,
			);
			defaultConfigurationIsVisible = 0;
			defaultConfigurationName = Release;
		};
		FD6AC65E1C3CC03E006A9A51 /* Build configuration list for PBXNativeTarget "XLPromptBox" */ = {
			isa = XCConfigurationList;
			buildConfigurations = (
				FD6AC65F1C3CC03E006A9A51 /* Debug */,
				FD6AC6601C3CC03E006A9A51 /* Release */,
			);
			defaultConfigurationIsVisible = 0;
			defaultConfigurationName = Release;
		};
		FD6AC6611C3CC03E006A9A51 /* Build configuration list for PBXNativeTarget "XLPromptBoxTests" */ = {
			isa = XCConfigurationList;
			buildConfigurations = (
				FD6AC6621C3CC03E006A9A51 /* Debug */,
				FD6AC6631C3CC03E006A9A51 /* Release */,
			);
			defaultConfigurationIsVisible = 0;
			defaultConfigurationName = Release;
		};
		FD6AC6641C3CC03E006A9A51 /* Build configuration list for PBXNativeTarget "XLPromptBoxUITests" */ = {
			isa = XCConfigurationList;
			buildConfigurations = (
				FD6AC6651C3CC03E006A9A51 /* Debug */,
				FD6AC6661C3CC03E006A9A51 /* Release */,
			);
			defaultConfigurationIsVisible = 0;
			defaultConfigurationName = Release;
		};
/* End XCConfigurationList section */
	};
	rootObject = FD6AC6291C3CC03E006A9A51 /* Project object */;
}
